// !$*UTF8*$!
{
	archiveVersion = 1;
	classes = {
	};
	objectVersion = 56;
	objects = {

/* Begin PBXBuildFile section */
		8722AB902A2C5D3C00B9551C /* Weather_iOSApp.swift in Sources */ = {isa = PBXBuildFile; fileRef = 8722AB8F2A2C5D3C00B9551C /* Weather_iOSApp.swift */; };
		8722AB922A2C5D3C00B9551C /* ContentView.swift in Sources */ = {isa = PBXBuildFile; fileRef = 8722AB912A2C5D3C00B9551C /* ContentView.swift */; };
		8722AB942A2C5D3D00B9551C /* Assets.xcassets in Resources */ = {isa = PBXBuildFile; fileRef = 8722AB932A2C5D3D00B9551C /* Assets.xcassets */; };
		8722AB972A2C5D3D00B9551C /* Preview Assets.xcassets in Resources */ = {isa = PBXBuildFile; fileRef = 8722AB962A2C5D3D00B9551C /* Preview Assets.xcassets */; };
		8722ABA12A2C5D3D00B9551C /* Weather_iOSTests.swift in Sources */ = {isa = PBXBuildFile; fileRef = 8722ABA02A2C5D3D00B9551C /* Weather_iOSTests.swift */; };
		8722ABAB2A2C5D3D00B9551C /* Weather_iOSUITests.swift in Sources */ = {isa = PBXBuildFile; fileRef = 8722ABAA2A2C5D3D00B9551C /* Weather_iOSUITests.swift */; };
		8722ABAD2A2C5D3D00B9551C /* Weather_iOSUITestsLaunchTests.swift in Sources */ = {isa = PBXBuildFile; fileRef = 8722ABAC2A2C5D3D00B9551C /* Weather_iOSUITestsLaunchTests.swift */; };
/* End PBXBuildFile section */

/* Begin PBXContainerItemProxy section */
		8722AB9D2A2C5D3D00B9551C /* PBXContainerItemProxy */ = {
			isa = PBXContainerItemProxy;
			containerPortal = 8722AB842A2C5D3C00B9551C /* Project object */;
			proxyType = 1;
			remoteGlobalIDString = 8722AB8B2A2C5D3C00B9551C;
			remoteInfo = "Weather-iOS";
		};
		8722ABA72A2C5D3D00B9551C /* PBXContainerItemProxy */ = {
			isa = PBXContainerItemProxy;
			containerPortal = 8722AB842A2C5D3C00B9551C /* Project object */;
			proxyType = 1;
			remoteGlobalIDString = 8722AB8B2A2C5D3C00B9551C;
			remoteInfo = "Weather-iOS";
		};
/* End PBXContainerItemProxy section */

/* Begin PBXFileReference section */
		8722AB8C2A2C5D3C00B9551C /* Weather-iOS.app */ = {isa = PBXFileReference; explicitFileType = wrapper.application; includeInIndex = 0; path = "Weather-iOS.app"; sourceTree = BUILT_PRODUCTS_DIR; };
		8722AB8F2A2C5D3C00B9551C /* Weather_iOSApp.swift */ = {isa = PBXFileReference; lastKnownFileType = sourcecode.swift; path = Weather_iOSApp.swift; sourceTree = "<group>"; };
		8722AB912A2C5D3C00B9551C /* ContentView.swift */ = {isa = PBXFileReference; lastKnownFileType = sourcecode.swift; path = ContentView.swift; sourceTree = "<group>"; };
		8722AB932A2C5D3D00B9551C /* Assets.xcassets */ = {isa = PBXFileReference; lastKnownFileType = folder.assetcatalog; path = Assets.xcassets; sourceTree = "<group>"; };
		8722AB962A2C5D3D00B9551C /* Preview Assets.xcassets */ = {isa = PBXFileReference; lastKnownFileType = folder.assetcatalog; path = "Preview Assets.xcassets"; sourceTree = "<group>"; };
		8722AB9C2A2C5D3D00B9551C /* Weather-iOSTests.xctest */ = {isa = PBXFileReference; explicitFileType = wrapper.cfbundle; includeInIndex = 0; path = "Weather-iOSTests.xctest"; sourceTree = BUILT_PRODUCTS_DIR; };
		8722ABA02A2C5D3D00B9551C /* Weather_iOSTests.swift */ = {isa = PBXFileReference; lastKnownFileType = sourcecode.swift; path = Weather_iOSTests.swift; sourceTree = "<group>"; };
		8722ABA62A2C5D3D00B9551C /* Weather-iOSUITests.xctest */ = {isa = PBXFileReference; explicitFileType = wrapper.cfbundle; includeInIndex = 0; path = "Weather-iOSUITests.xctest"; sourceTree = BUILT_PRODUCTS_DIR; };
		8722ABAA2A2C5D3D00B9551C /* Weather_iOSUITests.swift */ = {isa = PBXFileReference; lastKnownFileType = sourcecode.swift; path = Weather_iOSUITests.swift; sourceTree = "<group>"; };
		8722ABAC2A2C5D3D00B9551C /* Weather_iOSUITestsLaunchTests.swift */ = {isa = PBXFileReference; lastKnownFileType = sourcecode.swift; path = Weather_iOSUITestsLaunchTests.swift; sourceTree = "<group>"; };
/* End PBXFileReference section */

/* Begin PBXFrameworksBuildPhase section */
		8722AB892A2C5D3C00B9551C /* Frameworks */ = {
			isa = PBXFrameworksBuildPhase;
			buildActionMask = 2147483647;
			files = (
			);
			runOnlyForDeploymentPostprocessing = 0;
		};
		8722AB992A2C5D3D00B9551C /* Frameworks */ = {
			isa = PBXFrameworksBuildPhase;
			buildActionMask = 2147483647;
			files = (
			);
			runOnlyForDeploymentPostprocessing = 0;
		};
		8722ABA32A2C5D3D00B9551C /* Frameworks */ = {
			isa = PBXFrameworksBuildPhase;
			buildActionMask = 2147483647;
			files = (
			);
			runOnlyForDeploymentPostprocessing = 0;
		};
/* End PBXFrameworksBuildPhase section */

/* Begin PBXGroup section */
		8722AB832A2C5D3C00B9551C = {
			isa = PBXGroup;
			children = (
				8722AB8E2A2C5D3C00B9551C /* Weather-iOS */,
				8722AB9F2A2C5D3D00B9551C /* Weather-iOSTests */,
				8722ABA92A2C5D3D00B9551C /* Weather-iOSUITests */,
				8722AB8D2A2C5D3C00B9551C /* Products */,
			);
			sourceTree = "<group>";
		};
		8722AB8D2A2C5D3C00B9551C /* Products */ = {
			isa = PBXGroup;
			children = (
				8722AB8C2A2C5D3C00B9551C /* Weather-iOS.app */,
				8722AB9C2A2C5D3D00B9551C /* Weather-iOSTests.xctest */,
				8722ABA62A2C5D3D00B9551C /* Weather-iOSUITests.xctest */,
			);
			name = Products;
			sourceTree = "<group>";
		};
		8722AB8E2A2C5D3C00B9551C /* Weather-iOS */ = {
			isa = PBXGroup;
			children = (
				8722AB8F2A2C5D3C00B9551C /* Weather_iOSApp.swift */,
				8722AB912A2C5D3C00B9551C /* ContentView.swift */,
				8722AB932A2C5D3D00B9551C /* Assets.xcassets */,
				8722AB952A2C5D3D00B9551C /* Preview Content */,
			);
			path = "Weather-iOS";
			sourceTree = "<group>";
		};
		8722AB952A2C5D3D00B9551C /* Preview Content */ = {
			isa = PBXGroup;
			children = (
				8722AB962A2C5D3D00B9551C /* Preview Assets.xcassets */,
			);
			path = "Preview Content";
			sourceTree = "<group>";
		};
		8722AB9F2A2C5D3D00B9551C /* Weather-iOSTests */ = {
			isa = PBXGroup;
			children = (
				8722ABA02A2C5D3D00B9551C /* Weather_iOSTests.swift */,
			);
			path = "Weather-iOSTests";
			sourceTree = "<group>";
		};
		8722ABA92A2C5D3D00B9551C /* Weather-iOSUITests */ = {
			isa = PBXGroup;
			children = (
				8722ABAA2A2C5D3D00B9551C /* Weather_iOSUITests.swift */,
				8722ABAC2A2C5D3D00B9551C /* Weather_iOSUITestsLaunchTests.swift */,
			);
			path = "Weather-iOSUITests";
			sourceTree = "<group>";
		};
/* End PBXGroup section */

/* Begin PBXNativeTarget section */
		8722AB8B2A2C5D3C00B9551C /* Weather-iOS */ = {
			isa = PBXNativeTarget;
			buildConfigurationList = 8722ABB02A2C5D3D00B9551C /* Build configuration list for PBXNativeTarget "Weather-iOS" */;
			buildPhases = (
				8722AB882A2C5D3C00B9551C /* Sources */,
				8722AB892A2C5D3C00B9551C /* Frameworks */,
				8722AB8A2A2C5D3C00B9551C /* Resources */,
			);
			buildRules = (
			);
			dependencies = (
			);
			name = "Weather-iOS";
			productName = "Weather-iOS";
			productReference = 8722AB8C2A2C5D3C00B9551C /* Weather-iOS.app */;
			productType = "com.apple.product-type.application";
		};
		8722AB9B2A2C5D3D00B9551C /* Weather-iOSTests */ = {
			isa = PBXNativeTarget;
			buildConfigurationList = 8722ABB32A2C5D3D00B9551C /* Build configuration list for PBXNativeTarget "Weather-iOSTests" */;
			buildPhases = (
				8722AB982A2C5D3D00B9551C /* Sources */,
				8722AB992A2C5D3D00B9551C /* Frameworks */,
				8722AB9A2A2C5D3D00B9551C /* Resources */,
			);
			buildRules = (
			);
			dependencies = (
				8722AB9E2A2C5D3D00B9551C /* PBXTargetDependency */,
			);
			name = "Weather-iOSTests";
			productName = "Weather-iOSTests";
			productReference = 8722AB9C2A2C5D3D00B9551C /* Weather-iOSTests.xctest */;
			productType = "com.apple.product-type.bundle.unit-test";
		};
		8722ABA52A2C5D3D00B9551C /* Weather-iOSUITests */ = {
			isa = PBXNativeTarget;
			buildConfigurationList = 8722ABB62A2C5D3D00B9551C /* Build configuration list for PBXNativeTarget "Weather-iOSUITests" */;
			buildPhases = (
				8722ABA22A2C5D3D00B9551C /* Sources */,
				8722ABA32A2C5D3D00B9551C /* Frameworks */,
				8722ABA42A2C5D3D00B9551C /* Resources */,
			);
			buildRules = (
			);
			dependencies = (
				8722ABA82A2C5D3D00B9551C /* PBXTargetDependency */,
			);
			name = "Weather-iOSUITests";
			productName = "Weather-iOSUITests";
			productReference = 8722ABA62A2C5D3D00B9551C /* Weather-iOSUITests.xctest */;
			productType = "com.apple.product-type.bundle.ui-testing";
		};
/* End PBXNativeTarget section */

/* Begin PBXProject section */
		8722AB842A2C5D3C00B9551C /* Project object */ = {
			isa = PBXProject;
			attributes = {
				BuildIndependentTargetsInParallel = 1;
				LastSwiftUpdateCheck = 1420;
				LastUpgradeCheck = 1420;
				TargetAttributes = {
					8722AB8B2A2C5D3C00B9551C = {
						CreatedOnToolsVersion = 14.2;
					};
					8722AB9B2A2C5D3D00B9551C = {
						CreatedOnToolsVersion = 14.2;
						TestTargetID = 8722AB8B2A2C5D3C00B9551C;
					};
					8722ABA52A2C5D3D00B9551C = {
						CreatedOnToolsVersion = 14.2;
						TestTargetID = 8722AB8B2A2C5D3C00B9551C;
					};
				};
			};
			buildConfigurationList = 8722AB872A2C5D3C00B9551C /* Build configuration list for PBXProject "Weather-iOS" */;
			compatibilityVersion = "Xcode 14.0";
			developmentRegion = en;
			hasScannedForEncodings = 0;
			knownRegions = (
				en,
				Base,
			);
			mainGroup = 8722AB832A2C5D3C00B9551C;
			productRefGroup = 8722AB8D2A2C5D3C00B9551C /* Products */;
			projectDirPath = "";
			projectRoot = "";
			targets = (
				8722AB8B2A2C5D3C00B9551C /* Weather-iOS */,
				8722AB9B2A2C5D3D00B9551C /* Weather-iOSTests */,
				8722ABA52A2C5D3D00B9551C /* Weather-iOSUITests */,
			);
		};
/* End PBXProject section */

/* Begin PBXResourcesBuildPhase section */
		8722AB8A2A2C5D3C00B9551C /* Resources */ = {
			isa = PBXResourcesBuildPhase;
			buildActionMask = 2147483647;
			files = (
				8722AB972A2C5D3D00B9551C /* Preview Assets.xcassets in Resources */,
				8722AB942A2C5D3D00B9551C /* Assets.xcassets in Resources */,
			);
			runOnlyForDeploymentPostprocessing = 0;
		};
		8722AB9A2A2C5D3D00B9551C /* Resources */ = {
			isa = PBXResourcesBuildPhase;
			buildActionMask = 2147483647;
			files = (
			);
			runOnlyForDeploymentPostprocessing = 0;
		};
		8722ABA42A2C5D3D00B9551C /* Resources */ = {
			isa = PBXResourcesBuildPhase;
			buildActionMask = 2147483647;
			files = (
			);
			runOnlyForDeploymentPostprocessing = 0;
		};
/* End PBXResourcesBuildPhase section */

/* Begin PBXSourcesBuildPhase section */
		8722AB882A2C5D3C00B9551C /* Sources */ = {
			isa = PBXSourcesBuildPhase;
			buildActionMask = 2147483647;
			files = (
				8722AB922A2C5D3C00B9551C /* ContentView.swift in Sources */,
				8722AB902A2C5D3C00B9551C /* Weather_iOSApp.swift in Sources */,
			);
			runOnlyForDeploymentPostprocessing = 0;
		};
		8722AB982A2C5D3D00B9551C /* Sources */ = {
			isa = PBXSourcesBuildPhase;
			buildActionMask = 2147483647;
			files = (
				8722ABA12A2C5D3D00B9551C /* Weather_iOSTests.swift in Sources */,
			);
			runOnlyForDeploymentPostprocessing = 0;
		};
		8722ABA22A2C5D3D00B9551C /* Sources */ = {
			isa = PBXSourcesBuildPhase;
			buildActionMask = 2147483647;
			files = (
				8722ABAB2A2C5D3D00B9551C /* Weather_iOSUITests.swift in Sources */,
				8722ABAD2A2C5D3D00B9551C /* Weather_iOSUITestsLaunchTests.swift in Sources */,
			);
			runOnlyForDeploymentPostprocessing = 0;
		};
/* End PBXSourcesBuildPhase section */

/* Begin PBXTargetDependency section */
		8722AB9E2A2C5D3D00B9551C /* PBXTargetDependency */ = {
			isa = PBXTargetDependency;
			target = 8722AB8B2A2C5D3C00B9551C /* Weather-iOS */;
			targetProxy = 8722AB9D2A2C5D3D00B9551C /* PBXContainerItemProxy */;
		};
		8722ABA82A2C5D3D00B9551C /* PBXTargetDependency */ = {
			isa = PBXTargetDependency;
			target = 8722AB8B2A2C5D3C00B9551C /* Weather-iOS */;
			targetProxy = 8722ABA72A2C5D3D00B9551C /* PBXContainerItemProxy */;
		};
/* End PBXTargetDependency section */

/* Begin XCBuildConfiguration section */
		8722ABAE2A2C5D3D00B9551C /* Debug */ = {
			isa = XCBuildConfiguration;
			buildSettings = {
				ALWAYS_SEARCH_USER_PATHS = NO;
				CLANG_ANALYZER_NONNULL = YES;
				CLANG_ANALYZER_NUMBER_OBJECT_CONVERSION = YES_AGGRESSIVE;
				CLANG_CXX_LANGUAGE_STANDARD = "gnu++20";
				CLANG_ENABLE_MODULES = YES;
				CLANG_ENABLE_OBJC_ARC = YES;
				CLANG_ENABLE_OBJC_WEAK = YES;
				CLANG_WARN_BLOCK_CAPTURE_AUTORELEASING = YES;
				CLANG_WARN_BOOL_CONVERSION = YES;
				CLANG_WARN_COMMA = YES;
				CLANG_WARN_CONSTANT_CONVERSION = YES;
				CLANG_WARN_DEPRECATED_OBJC_IMPLEMENTATIONS = YES;
				CLANG_WARN_DIRECT_OBJC_ISA_USAGE = YES_ERROR;
				CLANG_WARN_DOCUMENTATION_COMMENTS = YES;
				CLANG_WARN_EMPTY_BODY = YES;
				CLANG_WARN_ENUM_CONVERSION = YES;
				CLANG_WARN_INFINITE_RECURSION = YES;
				CLANG_WARN_INT_CONVERSION = YES;
				CLANG_WARN_NON_LITERAL_NULL_CONVERSION = YES;
				CLANG_WARN_OBJC_IMPLICIT_RETAIN_SELF = YES;
				CLANG_WARN_OBJC_LITERAL_CONVERSION = YES;
				CLANG_WARN_OBJC_ROOT_CLASS = YES_ERROR;
				CLANG_WARN_QUOTED_INCLUDE_IN_FRAMEWORK_HEADER = YES;
				CLANG_WARN_RANGE_LOOP_ANALYSIS = YES;
				CLANG_WARN_STRICT_PROTOTYPES = YES;
				CLANG_WARN_SUSPICIOUS_MOVE = YES;
				CLANG_WARN_UNGUARDED_AVAILABILITY = YES_AGGRESSIVE;
				CLANG_WARN_UNREACHABLE_CODE = YES;
				CLANG_WARN__DUPLICATE_METHOD_MATCH = YES;
				COPY_PHASE_STRIP = NO;
				DEBUG_INFORMATION_FORMAT = dwarf;
				ENABLE_STRICT_OBJC_MSGSEND = YES;
				ENABLE_TESTABILITY = YES;
				GCC_C_LANGUAGE_STANDARD = gnu11;
				GCC_DYNAMIC_NO_PIC = NO;
				GCC_NO_COMMON_BLOCKS = YES;
				GCC_OPTIMIZATION_LEVEL = 0;
				GCC_PREPROCESSOR_DEFINITIONS = (
					"DEBUG=1",
					"$(inherited)",
				);
				GCC_WARN_64_TO_32_BIT_CONVERSION = YES;
				GCC_WARN_ABOUT_RETURN_TYPE = YES_ERROR;
				GCC_WARN_UNDECLARED_SELECTOR = YES;
				GCC_WARN_UNINITIALIZED_AUTOS = YES_AGGRESSIVE;
				GCC_WARN_UNUSED_FUNCTION = YES;
				GCC_WARN_UNUSED_VARIABLE = YES;
				IPHONEOS_DEPLOYMENT_TARGET = 16.2;
				MTL_ENABLE_DEBUG_INFO = INCLUDE_SOURCE;
				MTL_FAST_MATH = YES;
				ONLY_ACTIVE_ARCH = YES;
				SDKROOT = iphoneos;
				SWIFT_ACTIVE_COMPILATION_CONDITIONS = DEBUG;
				SWIFT_OPTIMIZATION_LEVEL = "-Onone";
			};
			name = Debug;
		};
		8722ABAF2A2C5D3D00B9551C /* Release */ = {
			isa = XCBuildConfiguration;
			buildSettings = {
				ALWAYS_SEARCH_USER_PATHS = NO;
				CLANG_ANALYZER_NONNULL = YES;
				CLANG_ANALYZER_NUMBER_OBJECT_CONVERSION = YES_AGGRESSIVE;
				CLANG_CXX_LANGUAGE_STANDARD = "gnu++20";
				CLANG_ENABLE_MODULES = YES;
				CLANG_ENABLE_OBJC_ARC = YES;
				CLANG_ENABLE_OBJC_WEAK = YES;
				CLANG_WARN_BLOCK_CAPTURE_AUTORELEASING = YES;
				CLANG_WARN_BOOL_CONVERSION = YES;
				CLANG_WARN_COMMA = YES;
				CLANG_WARN_CONSTANT_CONVERSION = YES;
				CLANG_WARN_DEPRECATED_OBJC_IMPLEMENTATIONS = YES;
				CLANG_WARN_DIRECT_OBJC_ISA_USAGE = YES_ERROR;
				CLANG_WARN_DOCUMENTATION_COMMENTS = YES;
				CLANG_WARN_EMPTY_BODY = YES;
				CLANG_WARN_ENUM_CONVERSION = YES;
				CLANG_WARN_INFINITE_RECURSION = YES;
				CLANG_WARN_INT_CONVERSION = YES;
				CLANG_WARN_NON_LITERAL_NULL_CONVERSION = YES;
				CLANG_WARN_OBJC_IMPLICIT_RETAIN_SELF = YES;
				CLANG_WARN_OBJC_LITERAL_CONVERSION = YES;
				CLANG_WARN_OBJC_ROOT_CLASS = YES_ERROR;
				CLANG_WARN_QUOTED_INCLUDE_IN_FRAMEWORK_HEADER = YES;
				CLANG_WARN_RANGE_LOOP_ANALYSIS = YES;
				CLANG_WARN_STRICT_PROTOTYPES = YES;
				CLANG_WARN_SUSPICIOUS_MOVE = YES;
				CLANG_WARN_UNGUARDED_AVAILABILITY = YES_AGGRESSIVE;
				CLANG_WARN_UNREACHABLE_CODE = YES;
				CLANG_WARN__DUPLICATE_METHOD_MATCH = YES;
				COPY_PHASE_STRIP = NO;
				DEBUG_INFORMATION_FORMAT = "dwarf-with-dsym";
				ENABLE_NS_ASSERTIONS = NO;
				ENABLE_STRICT_OBJC_MSGSEND = YES;
				GCC_C_LANGUAGE_STANDARD = gnu11;
				GCC_NO_COMMON_BLOCKS = YES;
				GCC_WARN_64_TO_32_BIT_CONVERSION = YES;
				GCC_WARN_ABOUT_RETURN_TYPE = YES_ERROR;
				GCC_WARN_UNDECLARED_SELECTOR = YES;
				GCC_WARN_UNINITIALIZED_AUTOS = YES_AGGRESSIVE;
				GCC_WARN_UNUSED_FUNCTION = YES;
				GCC_WARN_UNUSED_VARIABLE = YES;
				IPHONEOS_DEPLOYMENT_TARGET = 16.2;
				MTL_ENABLE_DEBUG_INFO = NO;
				MTL_FAST_MATH = YES;
				SDKROOT = iphoneos;
				SWIFT_COMPILATION_MODE = wholemodule;
				SWIFT_OPTIMIZATION_LEVEL = "-O";
				VALIDATE_PRODUCT = YES;
			};
			name = Release;
		};
		8722ABB12A2C5D3D00B9551C /* Debug */ = {
			isa = XCBuildConfiguration;
			buildSettings = {
				ASSETCATALOG_COMPILER_APPICON_NAME = AppIcon;
				ASSETCATALOG_COMPILER_GLOBAL_ACCENT_COLOR_NAME = AccentColor;
				CODE_SIGN_STYLE = Automatic;
				CURRENT_PROJECT_VERSION = 1;
				DEVELOPMENT_ASSET_PATHS = "\"Weather-iOS/Preview Content\"";
				DEVELOPMENT_TEAM = 4CHUCPA582;
				ENABLE_PREVIEWS = YES;
				GENERATE_INFOPLIST_FILE = YES;
				INFOPLIST_KEY_UIApplicationSceneManifest_Generation = YES;
				INFOPLIST_KEY_UIApplicationSupportsIndirectInputEvents = YES;
				INFOPLIST_KEY_UILaunchScreen_Generation = YES;
				INFOPLIST_KEY_UISupportedInterfaceOrientations_iPad = "UIInterfaceOrientationPortrait UIInterfaceOrientationPortraitUpsideDown UIInterfaceOrientationLandscapeLeft UIInterfaceOrientationLandscapeRight";
				INFOPLIST_KEY_UISupportedInterfaceOrientations_iPhone = "UIInterfaceOrientationPortrait UIInterfaceOrientationLandscapeLeft UIInterfaceOrientationLandscapeRight";
				LD_RUNPATH_SEARCH_PATHS = (
					"$(inherited)",
					"@executable_path/Frameworks",
				);
				MARKETING_VERSION = 1.0;
				PRODUCT_BUNDLE_IDENTIFIER = "com.neelratanguria.Weather-iOS";
				PRODUCT_NAME = "$(TARGET_NAME)";
				SWIFT_EMIT_LOC_STRINGS = YES;
				SWIFT_VERSION = 5.0;
				TARGETED_DEVICE_FAMILY = "1,2";
			};
			name = Debug;
		};
		8722ABB22A2C5D3D00B9551C /* Release */ = {
			isa = XCBuildConfiguration;
			buildSettings = {
				ASSETCATALOG_COMPILER_APPICON_NAME = AppIcon;
				ASSETCATALOG_COMPILER_GLOBAL_ACCENT_COLOR_NAME = AccentColor;
				CODE_SIGN_STYLE = Automatic;
				CURRENT_PROJECT_VERSION = 1;
				DEVELOPMENT_ASSET_PATHS = "\"Weather-iOS/Preview Content\"";
				DEVELOPMENT_TEAM = 4CHUCPA582;
				ENABLE_PREVIEWS = YES;
				GENERATE_INFOPLIST_FILE = YES;
				INFOPLIST_KEY_UIApplicationSceneManifest_Generation = YES;
				INFOPLIST_KEY_UIApplicationSupportsIndirectInputEvents = YES;
				INFOPLIST_KEY_UILaunchScreen_Generation = YES;
				INFOPLIST_KEY_UISupportedInterfaceOrientations_iPad = "UIInterfaceOrientationPortrait UIInterfaceOrientationPortraitUpsideDown UIInterfaceOrientationLandscapeLeft UIInterfaceOrientationLandscapeRight";
				INFOPLIST_KEY_UISupportedInterfaceOrientations_iPhone = "UIInterfaceOrientationPortrait UIInterfaceOrientationLandscapeLeft UIInterfaceOrientationLandscapeRight";
				LD_RUNPATH_SEARCH_PATHS = (
					"$(inherited)",
					"@executable_path/Frameworks",
				);
				MARKETING_VERSION = 1.0;
				PRODUCT_BUNDLE_IDENTIFIER = "com.neelratanguria.Weather-iOS";
				PRODUCT_NAME = "$(TARGET_NAME)";
				SWIFT_EMIT_LOC_STRINGS = YES;
				SWIFT_VERSION = 5.0;
				TARGETED_DEVICE_FAMILY = "1,2";
			};
			name = Release;
		};
		8722ABB42A2C5D3D00B9551C /* Debug */ = {
			isa = XCBuildConfiguration;
			buildSettings = {
				ALWAYS_EMBED_SWIFT_STANDARD_LIBRARIES = YES;
				BUNDLE_LOADER = "$(TEST_HOST)";
				CODE_SIGN_STYLE = Automatic;
				CURRENT_PROJECT_VERSION = 1;
				DEVELOPMENT_TEAM = 4CHUCPA582;
				GENERATE_INFOPLIST_FILE = YES;
				IPHONEOS_DEPLOYMENT_TARGET = 16.2;
				MARKETING_VERSION = 1.0;
				PRODUCT_BUNDLE_IDENTIFIER = "com.neelratanguria.Weather-iOSTests";
				PRODUCT_NAME = "$(TARGET_NAME)";
				SWIFT_EMIT_LOC_STRINGS = NO;
				SWIFT_VERSION = 5.0;
				TARGETED_DEVICE_FAMILY = "1,2";
				TEST_HOST = "$(BUILT_PRODUCTS_DIR)/Weather-iOS.app/$(BUNDLE_EXECUTABLE_FOLDER_PATH)/Weather-iOS";
			};
			name = Debug;
		};
		8722ABB52A2C5D3D00B9551C /* Release */ = {
			isa = XCBuildConfiguration;
			buildSettings = {
				ALWAYS_EMBED_SWIFT_STANDARD_LIBRARIES = YES;
				BUNDLE_LOADER = "$(TEST_HOST)";
				CODE_SIGN_STYLE = Automatic;
				CURRENT_PROJECT_VERSION = 1;
				DEVELOPMENT_TEAM = 4CHUCPA582;
				GENERATE_INFOPLIST_FILE = YES;
				IPHONEOS_DEPLOYMENT_TARGET = 16.2;
				MARKETING_VERSION = 1.0;
				PRODUCT_BUNDLE_IDENTIFIER = "com.neelratanguria.Weather-iOSTests";
				PRODUCT_NAME = "$(TARGET_NAME)";
				SWIFT_EMIT_LOC_STRINGS = NO;
				SWIFT_VERSION = 5.0;
				TARGETED_DEVICE_FAMILY = "1,2";
				TEST_HOST = "$(BUILT_PRODUCTS_DIR)/Weather-iOS.app/$(BUNDLE_EXECUTABLE_FOLDER_PATH)/Weather-iOS";
			};
			name = Release;
		};
		8722ABB72A2C5D3D00B9551C /* Debug */ = {
			isa = XCBuildConfiguration;
			buildSettings = {
				ALWAYS_EMBED_SWIFT_STANDARD_LIBRARIES = YES;
				CODE_SIGN_STYLE = Automatic;
				CURRENT_PROJECT_VERSION = 1;
				DEVELOPMENT_TEAM = 4CHUCPA582;
				GENERATE_INFOPLIST_FILE = YES;
				MARKETING_VERSION = 1.0;
				PRODUCT_BUNDLE_IDENTIFIER = "com.neelratanguria.Weather-iOSUITests";
				PRODUCT_NAME = "$(TARGET_NAME)";
				SWIFT_EMIT_LOC_STRINGS = NO;
				SWIFT_VERSION = 5.0;
				TARGETED_DEVICE_FAMILY = "1,2";
				TEST_TARGET_NAME = "Weather-iOS";
			};
			name = Debug;
		};
		8722ABB82A2C5D3D00B9551C /* Release */ = {
			isa = XCBuildConfiguration;
			buildSettings = {
				ALWAYS_EMBED_SWIFT_STANDARD_LIBRARIES = YES;
				CODE_SIGN_STYLE = Automatic;
				CURRENT_PROJECT_VERSION = 1;
				DEVELOPMENT_TEAM = 4CHUCPA582;
				GENERATE_INFOPLIST_FILE = YES;
				MARKETING_VERSION = 1.0;
				PRODUCT_BUNDLE_IDENTIFIER = "com.neelratanguria.Weather-iOSUITests";
				PRODUCT_NAME = "$(TARGET_NAME)";
				SWIFT_EMIT_LOC_STRINGS = NO;
				SWIFT_VERSION = 5.0;
				TARGETED_DEVICE_FAMILY = "1,2";
				TEST_TARGET_NAME = "Weather-iOS";
			};
			name = Release;
		};
/* End XCBuildConfiguration section */

/* Begin XCConfigurationList section */
		8722AB872A2C5D3C00B9551C /* Build configuration list for PBXProject "Weather-iOS" */ = {
			isa = XCConfigurationList;
			buildConfigurations = (
				8722ABAE2A2C5D3D00B9551C /* Debug */,
				8722ABAF2A2C5D3D00B9551C /* Release */,
			);
			defaultConfigurationIsVisible = 0;
			defaultConfigurationName = Release;
		};
		8722ABB02A2C5D3D00B9551C /* Build configuration list for PBXNativeTarget "Weather-iOS" */ = {
			isa = XCConfigurationList;
			buildConfigurations = (
				8722ABB12A2C5D3D00B9551C /* Debug */,
				8722ABB22A2C5D3D00B9551C /* Release */,
			);
			defaultConfigurationIsVisible = 0;
			defaultConfigurationName = Release;
		};
		8722ABB32A2C5D3D00B9551C /* Build configuration list for PBXNativeTarget "Weather-iOSTests" */ = {
			isa = XCConfigurationList;
			buildConfigurations = (
				8722ABB42A2C5D3D00B9551C /* Debug */,
				8722ABB52A2C5D3D00B9551C /* Release */,
			);
			defaultConfigurationIsVisible = 0;
			defaultConfigurationName = Release;
		};
		8722ABB62A2C5D3D00B9551C /* Build configuration list for PBXNativeTarget "Weather-iOSUITests" */ = {
			isa = XCConfigurationList;
			buildConfigurations = (
				8722ABB72A2C5D3D00B9551C /* Debug */,
				8722ABB82A2C5D3D00B9551C /* Release */,
			);
			defaultConfigurationIsVisible = 0;
			defaultConfigurationName = Release;
		};
/* End XCConfigurationList section */
	};
	rootObject = 8722AB842A2C5D3C00B9551C /* Project object */;
}
